
Microsoft Visual Studio Solution File, Format Version 12.00
# Visual Studio Version 17
VisualStudioVersion = 17.5.33516.290
MinimumVisualStudioVersion = 10.0.40219.1
Project("{9A19103F-16F7-4668-BE54-9A1E7A4F7556}") = "Valid Name", "Valid Name.csproj", "{F634398A-7F64-426D-AD01-B170F1831DBF}"
EndProject
Project("{FAE04EC0-301F-11D3-BF4B-00C04F79EFBC}") = "Valid NameTests", "..\Valid NameTests\Valid NameTests.csproj", "{20913A01-855C-4288-A0F5-C08C7DF5A7B1}"
EndProject
Global
	GlobalSection(SolutionConfigurationPlatforms) = preSolution
		Debug|Any CPU = Debug|Any CPU
		Release|Any CPU = Release|Any CPU
	EndGlobalSection
	GlobalSection(ProjectConfigurationPlatforms) = postSolution
		{F634398A-7F64-426D-AD01-B170F1831DBF}.Debug|Any CPU.ActiveCfg = Debug|Any CPU
		{F634398A-7F64-426D-AD01-B170F1831DBF}.Debug|Any CPU.Build.0 = Debug|Any CPU
		{F634398A-7F64-426D-AD01-B170F1831DBF}.Release|Any CPU.ActiveCfg = Release|Any CPU
		{F634398A-7F64-426D-AD01-B170F1831DBF}.Release|Any CPU.Build.0 = Release|Any CPU
		{20913A01-855C-4288-A0F5-C08C7DF5A7B1}.Debug|Any CPU.ActiveCfg = Debug|Any CPU
		{20913A01-855C-4288-A0F5-C08C7DF5A7B1}.Debug|Any CPU.Build.0 = Debug|Any CPU
		{20913A01-855C-4288-A0F5-C08C7DF5A7B1}.Release|Any CPU.ActiveCfg = Release|Any CPU
		{20913A01-855C-4288-A0F5-C08C7DF5A7B1}.Release|Any CPU.Build.0 = Release|Any CPU
	EndGlobalSection
	GlobalSection(SolutionProperties) = preSolution
		HideSolutionNode = FALSE
	EndGlobalSection
	GlobalSection(ExtensibilityGlobals) = postSolution
		SolutionGuid = {B97D62BF-8E51-4BA5-BFE8-C39C4AAED5AC}
	EndGlobalSection
EndGlobal
